
Microsoft Visual Studio Solution File, Format Version 12.00
# Visual Studio Version 16
VisualStudioVersion = 16.0.30621.155
MinimumVisualStudioVersion = 10.0.40219.1
Project("{2150E333-8FDC-42A3-9474-1A3956D46DE8}") = "Solution Items", "Solution Items", "{074EECFA-1E80-463F-A668-F206B4E22A42}"
	ProjectSection(SolutionItems) = preProject
		README.md = README.md
	EndProjectSection
EndProject
Project("{FAE04EC0-301F-11D3-BF4B-00C04F79EFBC}") = "MyXFApp.UWP", "src\MyXFApp\MyXFApp.UWP\MyXFApp.UWP.csproj", "{FB5C544D-9868-4366-978A-99A0C6C9F34B}"
EndProject
Project("{FAE04EC0-301F-11D3-BF4B-00C04F79EFBC}") = "MyXFApp.Android", "src\MyXFApp\MyXFApp.Android\MyXFApp.Android.csproj", "{B0B8A7F7-262E-43F0-BECD-914DF3342911}"
EndProject
Project("{FAE04EC0-301F-11D3-BF4B-00C04F79EFBC}") = "MyXFApp", "src\MyXFApp\MyXFApp\MyXFApp.csproj", "{18AB5325-EBEE-4E66-93F6-A8FEB07F90F9}"
EndProject
Global
	GlobalSection(SolutionConfigurationPlatforms) = preSolution
		Debug|Any CPU = Debug|Any CPU
		Debug|ARM = Debug|ARM
		Debug|x64 = Debug|x64
		Debug|x86 = Debug|x86
		Release|Any CPU = Release|Any CPU
		Release|ARM = Release|ARM
		Release|x64 = Release|x64
		Release|x86 = Release|x86
	EndGlobalSection
	GlobalSection(ProjectConfigurationPlatforms) = postSolution
		{FB5C544D-9868-4366-978A-99A0C6C9F34B}.Debug|Any CPU.ActiveCfg = Debug|x86
		{FB5C544D-9868-4366-978A-99A0C6C9F34B}.Debug|ARM.ActiveCfg = Debug|ARM
		{FB5C544D-9868-4366-978A-99A0C6C9F34B}.Debug|ARM.Build.0 = Debug|ARM
		{FB5C544D-9868-4366-978A-99A0C6C9F34B}.Debug|ARM.Deploy.0 = Debug|ARM
		{FB5C544D-9868-4366-978A-99A0C6C9F34B}.Debug|x64.ActiveCfg = Debug|x64
		{FB5C544D-9868-4366-978A-99A0C6C9F34B}.Debug|x64.Build.0 = Debug|x64
		{FB5C544D-9868-4366-978A-99A0C6C9F34B}.Debug|x64.Deploy.0 = Debug|x64
		{FB5C544D-9868-4366-978A-99A0C6C9F34B}.Debug|x86.ActiveCfg = Debug|x86
		{FB5C544D-9868-4366-978A-99A0C6C9F34B}.Debug|x86.Build.0 = Debug|x86
		{FB5C544D-9868-4366-978A-99A0C6C9F34B}.Debug|x86.Deploy.0 = Debug|x86
		{FB5C544D-9868-4366-978A-99A0C6C9F34B}.Release|Any CPU.ActiveCfg = Release|x86
		{FB5C544D-9868-4366-978A-99A0C6C9F34B}.Release|ARM.ActiveCfg = Release|ARM
		{FB5C544D-9868-4366-978A-99A0C6C9F34B}.Release|ARM.Build.0 = Release|ARM
		{FB5C544D-9868-4366-978A-99A0C6C9F34B}.Release|ARM.Deploy.0 = Release|ARM
		{FB5C544D-9868-4366-978A-99A0C6C9F34B}.Release|x64.ActiveCfg = Release|x64
		{FB5C544D-9868-4366-978A-99A0C6C9F34B}.Release|x64.Build.0 = Release|x64
		{FB5C544D-9868-4366-978A-99A0C6C9F34B}.Release|x64.Deploy.0 = Release|x64
		{FB5C544D-9868-4366-978A-99A0C6C9F34B}.Release|x86.ActiveCfg = Release|x86
		{FB5C544D-9868-4366-978A-99A0C6C9F34B}.Release|x86.Build.0 = Release|x86
		{FB5C544D-9868-4366-978A-99A0C6C9F34B}.Release|x86.Deploy.0 = Release|x86
		{B0B8A7F7-262E-43F0-BECD-914DF3342911}.Debug|Any CPU.ActiveCfg = Debug|Any CPU
		{B0B8A7F7-262E-43F0-BECD-914DF3342911}.Debug|Any CPU.Build.0 = Debug|Any CPU
		{B0B8A7F7-262E-43F0-BECD-914DF3342911}.Debug|Any CPU.Deploy.0 = Debug|Any CPU
		{B0B8A7F7-262E-43F0-BECD-914DF3342911}.Debug|ARM.ActiveCfg = Debug|Any CPU
		{B0B8A7F7-262E-43F0-BECD-914DF3342911}.Debug|ARM.Build.0 = Debug|Any CPU
		{B0B8A7F7-262E-43F0-BECD-914DF3342911}.Debug|ARM.Deploy.0 = Debug|Any CPU
		{B0B8A7F7-262E-43F0-BECD-914DF3342911}.Debug|x64.ActiveCfg = Debug|Any CPU
		{B0B8A7F7-262E-43F0-BECD-914DF3342911}.Debug|x64.Build.0 = Debug|Any CPU
		{B0B8A7F7-262E-43F0-BECD-914DF3342911}.Debug|x64.Deploy.0 = Debug|Any CPU
		{B0B8A7F7-262E-43F0-BECD-914DF3342911}.Debug|x86.ActiveCfg = Debug|Any CPU
		{B0B8A7F7-262E-43F0-BECD-914DF3342911}.Debug|x86.Build.0 = Debug|Any CPU
		{B0B8A7F7-262E-43F0-BECD-914DF3342911}.Debug|x86.Deploy.0 = Debug|Any CPU
		{B0B8A7F7-262E-43F0-BECD-914DF3342911}.Release|Any CPU.ActiveCfg = Release|Any CPU
		{B0B8A7F7-262E-43F0-BECD-914DF3342911}.Release|Any CPU.Build.0 = Release|Any CPU
		{B0B8A7F7-262E-43F0-BECD-914DF3342911}.Release|Any CPU.Deploy.0 = Release|Any CPU
		{B0B8A7F7-262E-43F0-BECD-914DF3342911}.Release|ARM.ActiveCfg = Release|Any CPU
		{B0B8A7F7-262E-43F0-BECD-914DF3342911}.Release|ARM.Build.0 = Release|Any CPU
		{B0B8A7F7-262E-43F0-BECD-914DF3342911}.Release|ARM.Deploy.0 = Release|Any CPU
		{B0B8A7F7-262E-43F0-BECD-914DF3342911}.Release|x64.ActiveCfg = Release|Any CPU
		{B0B8A7F7-262E-43F0-BECD-914DF3342911}.Release|x64.Build.0 = Release|Any CPU
		{B0B8A7F7-262E-43F0-BECD-914DF3342911}.Release|x64.Deploy.0 = Release|Any CPU
		{B0B8A7F7-262E-43F0-BECD-914DF3342911}.Release|x86.ActiveCfg = Release|Any CPU
		{B0B8A7F7-262E-43F0-BECD-914DF3342911}.Release|x86.Build.0 = Release|Any CPU
		{B0B8A7F7-262E-43F0-BECD-914DF3342911}.Release|x86.Deploy.0 = Release|Any CPU
		{18AB5325-EBEE-4E66-93F6-A8FEB07F90F9}.Debug|Any CPU.ActiveCfg = Debug|Any CPU
		{18AB5325-EBEE-4E66-93F6-A8FEB07F90F9}.Debug|Any CPU.Build.0 = Debug|Any CPU
		{18AB5325-EBEE-4E66-93F6-A8FEB07F90F9}.Debug|ARM.ActiveCfg = Debug|Any CPU
		{18AB5325-EBEE-4E66-93F6-A8FEB07F90F9}.Debug|ARM.Build.0 = Debug|Any CPU
		{18AB5325-EBEE-4E66-93F6-A8FEB07F90F9}.Debug|x64.ActiveCfg = Debug|Any CPU
		{18AB5325-EBEE-4E66-93F6-A8FEB07F90F9}.Debug|x64.Build.0 = Debug|Any CPU
		{18AB5325-EBEE-4E66-93F6-A8FEB07F90F9}.Debug|x86.ActiveCfg = Debug|Any CPU
		{18AB5325-EBEE-4E66-93F6-A8FEB07F90F9}.Debug|x86.Build.0 = Debug|Any CPU
		{18AB5325-EBEE-4E66-93F6-A8FEB07F90F9}.Release|Any CPU.ActiveCfg = Release|Any CPU
		{18AB5325-EBEE-4E66-93F6-A8FEB07F90F9}.Release|Any CPU.Build.0 = Release|Any CPU
		{18AB5325-EBEE-4E66-93F6-A8FEB07F90F9}.Release|ARM.ActiveCfg = Release|Any CPU
		{18AB5325-EBEE-4E66-93F6-A8FEB07F90F9}.Release|ARM.Build.0 = Release|Any CPU
		{18AB5325-EBEE-4E66-93F6-A8FEB07F90F9}.Release|x64.ActiveCfg = Release|Any CPU
		{18AB5325-EBEE-4E66-93F6-A8FEB07F90F9}.Release|x64.Build.0 = Release|Any CPU
		{18AB5325-EBEE-4E66-93F6-A8FEB07F90F9}.Release|x86.ActiveCfg = Release|Any CPU
		{18AB5325-EBEE-4E66-93F6-A8FEB07F90F9}.Release|x86.Build.0 = Release|Any CPU
	EndGlobalSection
	GlobalSection(SolutionProperties) = preSolution
		HideSolutionNode = FALSE
	EndGlobalSection
	GlobalSection(ExtensibilityGlobals) = postSolution
		SolutionGuid = {63D458B0-9148-4E1C-8D1F-8FBBCFF76303}
	EndGlobalSection
EndGlobal
